
Microsoft Visual Studio Solution File, Format Version 12.00
# Visual Studio Version 17
VisualStudioVersion = 17.9.34728.123
MinimumVisualStudioVersion = 10.0.40219.1
Project("{FAE04EC0-301F-11D3-BF4B-00C04F79EFBC}") = "Data", "..\Data\Data.csproj", "{5A243E41-6B10-4959-B7F9-08E5A1D5015E}"
EndProject
Project("{FAE04EC0-301F-11D3-BF4B-00C04F79EFBC}") = "Software", "..\Software\Software.csproj", "{6684E3BD-1759-455A-BF4E-6B67606A7A35}"
EndProject
Global
	GlobalSection(SolutionConfigurationPlatforms) = preSolution
		Debug|Any CPU = Debug|Any CPU
		Release|Any CPU = Release|Any CPU
	EndGlobalSection
	GlobalSection(ProjectConfigurationPlatforms) = postSolution
		{5A243E41-6B10-4959-B7F9-08E5A1D5015E}.Debug|Any CPU.ActiveCfg = Debug|Any CPU
		{5A243E41-6B10-4959-B7F9-08E5A1D5015E}.Debug|Any CPU.Build.0 = Debug|Any CPU
		{5A243E41-6B10-4959-B7F9-08E5A1D5015E}.Release|Any CPU.ActiveCfg = Release|Any CPU
		{5A243E41-6B10-4959-B7F9-08E5A1D5015E}.Release|Any CPU.Build.0 = Release|Any CPU
		{6684E3BD-1759-455A-BF4E-6B67606A7A35}.Debug|Any CPU.ActiveCfg = Debug|Any CPU
		{6684E3BD-1759-455A-BF4E-6B67606A7A35}.Debug|Any CPU.Build.0 = Debug|Any CPU
		{6684E3BD-1759-455A-BF4E-6B67606A7A35}.Release|Any CPU.ActiveCfg = Release|Any CPU
		{6684E3BD-1759-455A-BF4E-6B67606A7A35}.Release|Any CPU.Build.0 = Release|Any CPU
	EndGlobalSection
	GlobalSection(SolutionProperties) = preSolution
		HideSolutionNode = FALSE
	EndGlobalSection
	GlobalSection(ExtensibilityGlobals) = postSolution
		SolutionGuid = {068FEC26-C78E-486D-BA61-91A049727893}
	EndGlobalSection
EndGlobal
